{
    "_meta": {
        "hash": {
            "sha256": "62a3123559c3ead71655dae36cace8ef64a068332cc7822e214cc5f37ad669a8"
        },
        "pipfile-spec": 6,
        "requires": {
            "python_version": "3.6"
        },
        "sources": [
            {
                "name": "pypi",
                "url": "https://pypi.org/simple",
                "verify_ssl": true
            }
        ]
    },
    "default": {
        "cython": {
            "hashes": [
                "sha256:014e8e3ddfd977153ef06bb340ab18d36ad6dd64e10c5c6d5f7e10a267f58b07",
                "sha256:032201f348bf485dcd92db77d5c2c59d59c3eaf99724993cce44d7adca77764f",
                "sha256:2766ae44325bf59f34fb196ed126c4b5d837441328c5ed1bcf13f7cf2cc212a7",
                "sha256:2abd146b8d378b0b84200fd5c5c9aca1e728eee244feb1936e3d987a013e92d9",
                "sha256:32eb52285bb927513fce3d747f0b708d80ca57bd999e98c535ccd1484dd2ec15",
                "sha256:3d484d8f59a1acc806e5bb80ea20a66af32d17254dc059314c186249ef9a6f1e",
                "sha256:4274edc0e93f4ec5a5be5663f6d01c1c2996be52dafbdd5a0c07b0b10eee282f",
                "sha256:43e055c195382504cdaabb97f620f2d46266f68dcb020dda1af75ab73a84da1b",
                "sha256:46f8df9edd8af0662f5abc58b821d6285f8bcb37252ace4448c48bcdd710cee1",
                "sha256:47ad430b519587e7d7207f0683ec8cb818874c7248aa6c34e46d7b9d7a1ecb79",
                "sha256:4b760e0449d9bb9186db576420039f330ac5f770ad40edee3fb464fbec3d536c",
                "sha256:63b528514eb0f86901a7b1a0bab2826cd3b2ba446cd936b001c9ae2755233c8d",
                "sha256:694cb85e14230f93318a397392fa2019c8a3a1f557ac59295fe6136a8f32b6c5",
                "sha256:6ab1449fa5c1ce8fe70f3be85007017340bd2598bf51c51b02d613ab326cfbfd",
                "sha256:721a4034dbeb9ff70fa1dbfb68164ce163304ca2c41cad7a208f78dc13103a82",
                "sha256:961dea78b087ec32c5aa4cb425617936aa1988f453073840898cb2a9861afb1b",
                "sha256:9e0403b408cd3099c0876033317753dc8da1f799108b5bb4476467f9db6ab4d4",
                "sha256:b07302308cff959a0f522803e08d06e04af4a565410bc9933ab6560e85ce88d0",
                "sha256:b728d489576ec3c0fb49b7656f101d8718490eeea2af5e7cd8678c533a75c6c3",
                "sha256:b88e033c06d29f3f3c760a3fb9837dce6e124d627bd562d1cdf93e9da16df215",
                "sha256:c66ac7940f30d710d86bd78db998110536be37cc2bbd8f7cd0bc4915108afc29",
                "sha256:cd645ee9ca8e4d84d5d6e34249b8bbacfb132672e525eeb5c910a36e3768c261",
                "sha256:d3246d2838ce529ed712b4006cac9099c391fdfb351f65da5e624a001ac0746a",
                "sha256:db3fabdefafb5ff05b345ae05c21b81c8d65509bd9b5e06a437c850e8fb9fd08",
                "sha256:e08497d5a43f144fc010f5764be2c54105e14884f82bcd63797a2b7639e7b231",
                "sha256:e9863b97bdb7746be3045fe34470742c0a62f5302f0a29ff5cf7542754e77434",
                "sha256:edbae1e4e8371188a29052c04eb0dcbd09bab9ac5609b417102ac518bb88d414",
                "sha256:eec27d507af6e41518160df65e25f8701100a39c4c3786cf72ec3e131a1f86da"
            ],
            "index": "pypi",
            "version": "==0.29.9"
        }
    },
    "develop": {
        "bleach": {
            "hashes": [
                "sha256:cc8da25076a1fe56c3ac63671e2194458e0c4d9c7becfd52ca251650d517903c",
                "sha256:e78e426105ac07026ba098f04de8abe9b6e3e98b5befbf89b51a5ef0a4292b03"
            ],
            "index": "pypi",
            "version": "==3.1.4"
        },
        "certifi": {
            "hashes": [
                "sha256:017c25db2a153ce562900032d5bc68e9f191e44e9a0f762f373977de9df1fbb3",
                "sha256:25b64c7da4cd7479594d035c08c2d809eb4aab3a26e5a990ea98cc450c320f1f"
            ],
            "version": "==2019.11.28"
        },
        "chardet": {
            "hashes": [
                "sha256:84ab92ed1c4d4f16916e05906b6b75a6c0fb5db821cc65e70cbd64a3e2a5eaae",
                "sha256:fc323ffcaeaed0e0a02bf4d117757b98aed530d9ed4531e3e15460124c106691"
            ],
            "version": "==3.0.4"
        },
        "docutils": {
            "hashes": [
                "sha256:0c5b78adfbf7762415433f5515cd5c9e762339e23369dbe8000d84a4bf4ab3af",
                "sha256:c2de3a60e9e7d07be26b7f2b00ca0309c207e06c100f9cc2a94931fc75a478fc"
            ],
            "version": "==0.16"
        },
        "idna": {
            "hashes": [
                "sha256:7588d1c14ae4c77d74036e8c22ff447b26d0fde8f007354fd48a7814db15b7cb",
                "sha256:a068a21ceac8a4d63dbfd964670474107f541babbd2250d61922f029858365fa"
            ],
            "version": "==2.9"
        },
        "pkginfo": {
            "hashes": [
                "sha256:7424f2c8511c186cd5424bbf31045b77435b37a8d604990b79d4e70d741148bb",
                "sha256:a6d9e40ca61ad3ebd0b72fbadd4fba16e4c0e4df0428c041e01e06eb6ee71f32"
            ],
            "version": "==1.5.0.1"
        },
        "pygments": {
            "hashes": [
                "sha256:647344a061c249a3b74e230c739f434d7ea4d8b1d5f3721bc0f3558049b38f44",
                "sha256:ff7a40b4860b727ab48fad6360eb351cc1b33cbf9b15a0f689ca5353e9463324"
            ],
            "version": "==2.6.1"
        },
        "readme-renderer": {
            "hashes": [
                "sha256:1b6d8dd1673a0b293766b4106af766b6eff3654605f9c4f239e65de6076bc222",
                "sha256:e67d64242f0174a63c3b727801a2fff4c1f38ebe5d71d95ff7ece081945a6cd4"
            ],
            "version": "==25.0"
        },
        "requests": {
            "hashes": [
                "sha256:43999036bfa82904b6af1d99e4882b560e5e2c68e5c4b0aa03b655f3d7d73fee",
                "sha256:b3f43d496c6daba4493e7c431722aeb7dbc6288f52a6e04e7b6023b0247817e6"
            ],
            "version": "==2.23.0"
        },
        "requests-toolbelt": {
            "hashes": [
                "sha256:380606e1d10dc85c3bd47bf5a6095f815ec007be7a8b69c878507068df059e6f",
                "sha256:968089d4584ad4ad7c171454f0a5c6dac23971e9472521ea3b6d49d610aa6fc0"
            ],
            "version": "==0.9.1"
        },
        "six": {
            "hashes": [
                "sha256:236bdbdce46e6e6a3d61a337c0f8b763ca1e8717c03b369e87a7ec7ce1319c0a",
                "sha256:8f3cd2e254d8f793e7f3d6d9df77b92252b52637291d0f0da013c76ea2724b6c"
            ],
            "version": "==1.14.0"
        },
        "tqdm": {
            "hashes": [
                "sha256:03d2366c64d44c7f61e74c700d9b202d57e9efe355ea5c28814c52bfe7a50b8c",
                "sha256:be5ddeec77d78ba781ea41eacb2358a77f74cc2407f54b82222d7ee7dc8c8ccf"
            ],
            "version": "==4.44.1"
        },
        "twine": {
            "hashes": [
                "sha256:0fb0bfa3df4f62076cab5def36b1a71a2e4acb4d1fa5c97475b048117b1a6446",
                "sha256:d6c29c933ecfc74e9b1d9fa13aa1f87c5d5770e119f5a4ce032092f0ff5b14dc"
            ],
            "index": "pypi",
            "version": "==1.13.0"
        },
        "urllib3": {
            "hashes": [
                "sha256:2f3db8b19923a873b3e5256dc9c2dedfa883e33d87c690d9c7913e1f40673cdc",
                "sha256:87716c2d2a7121198ebcb7ce7cccf6ce5e9ba539041cfbaeecfb641dc0bf6acc"
            ],
            "version": "==1.25.8"
        },
        "webencodings": {
            "hashes": [
                "sha256:a0af1213f3c2226497a97e2b3aa01a7e4bee4f403f95be16fc9acd2947514a78",
                "sha256:b36a1c245f2d304965eb4e0a82848379241dc04b865afcc4aab16748587e1923"
            ],
            "version": "==0.5.1"
        }
    }
}
